// !$*UTF8*$!
{
	archiveVersion = 1;
	classes = {
	};
	objectVersion = 50;
	objects = {

/* Begin PBXBuildFile section */
		43AA1FEE26F27FC800B3E62B /* AppDelegate.swift in Sources */ = {isa = PBXBuildFile; fileRef = 43AA1FED26F27FC800B3E62B /* AppDelegate.swift */; };
		43AA1FF026F27FC800B3E62B /* SceneDelegate.swift in Sources */ = {isa = PBXBuildFile; fileRef = 43AA1FEF26F27FC800B3E62B /* SceneDelegate.swift */; };
		43AA1FF226F27FC800B3E62B /* ViewController.swift in Sources */ = {isa = PBXBuildFile; fileRef = 43AA1FF126F27FC800B3E62B /* ViewController.swift */; };
		43AA1FF526F27FC800B3E62B /* Main.storyboard in Resources */ = {isa = PBXBuildFile; fileRef = 43AA1FF326F27FC800B3E62B /* Main.storyboard */; };
		43AA1FF726F27FC900B3E62B /* Assets.xcassets in Resources */ = {isa = PBXBuildFile; fileRef = 43AA1FF626F27FC900B3E62B /* Assets.xcassets */; };
		43AA1FFA26F27FC900B3E62B /* LaunchScreen.storyboard in Resources */ = {isa = PBXBuildFile; fileRef = 43AA1FF826F27FC900B3E62B /* LaunchScreen.storyboard */; };
		43AA200526F27FC900B3E62B /* demoTests.swift in Sources */ = {isa = PBXBuildFile; fileRef = 43AA200426F27FC900B3E62B /* demoTests.swift */; };
		43AA201026F27FC900B3E62B /* demoUITests.swift in Sources */ = {isa = PBXBuildFile; fileRef = 43AA200F26F27FC900B3E62B /* demoUITests.swift */; };
/* End PBXBuildFile section */

/* Begin PBXContainerItemProxy section */
		43AA200126F27FC900B3E62B /* PBXContainerItemProxy */ = {
			isa = PBXContainerItemProxy;
			containerPortal = 43AA1FE226F27FC800B3E62B /* Project object */;
			proxyType = 1;
			remoteGlobalIDString = 43AA1FE926F27FC800B3E62B;
			remoteInfo = demo;
		};
		43AA200C26F27FC900B3E62B /* PBXContainerItemProxy */ = {
			isa = PBXContainerItemProxy;
			containerPortal = 43AA1FE226F27FC800B3E62B /* Project object */;
			proxyType = 1;
			remoteGlobalIDString = 43AA1FE926F27FC800B3E62B;
			remoteInfo = demo;
		};
/* End PBXContainerItemProxy section */

/* Begin PBXFileReference section */
		43AA1FEA26F27FC800B3E62B /* demo.app */ = {isa = PBXFileReference; explicitFileType = wrapper.application; includeInIndex = 0; path = demo.app; sourceTree = BUILT_PRODUCTS_DIR; };
		43AA1FED26F27FC800B3E62B /* AppDelegate.swift */ = {isa = PBXFileReference; lastKnownFileType = sourcecode.swift; path = AppDelegate.swift; sourceTree = "<group>"; };
		43AA1FEF26F27FC800B3E62B /* SceneDelegate.swift */ = {isa = PBXFileReference; lastKnownFileType = sourcecode.swift; path = SceneDelegate.swift; sourceTree = "<group>"; };
		43AA1FF126F27FC800B3E62B /* ViewController.swift */ = {isa = PBXFileReference; lastKnownFileType = sourcecode.swift; path = ViewController.swift; sourceTree = "<group>"; };
		43AA1FF426F27FC800B3E62B /* Base */ = {isa = PBXFileReference; lastKnownFileType = file.storyboard; name = Base; path = Base.lproj/Main.storyboard; sourceTree = "<group>"; };
		43AA1FF626F27FC900B3E62B /* Assets.xcassets */ = {isa = PBXFileReference; lastKnownFileType = folder.assetcatalog; path = Assets.xcassets; sourceTree = "<group>"; };
		43AA1FF926F27FC900B3E62B /* Base */ = {isa = PBXFileReference; lastKnownFileType = file.storyboard; name = Base; path = Base.lproj/LaunchScreen.storyboard; sourceTree = "<group>"; };
		43AA1FFB26F27FC900B3E62B /* Info.plist */ = {isa = PBXFileReference; lastKnownFileType = text.plist.xml; path = Info.plist; sourceTree = "<group>"; };
		43AA200026F27FC900B3E62B /* demoTests.xctest */ = {isa = PBXFileReference; explicitFileType = wrapper.cfbundle; includeInIndex = 0; path = demoTests.xctest; sourceTree = BUILT_PRODUCTS_DIR; };
		43AA200426F27FC900B3E62B /* demoTests.swift */ = {isa = PBXFileReference; lastKnownFileType = sourcecode.swift; path = demoTests.swift; sourceTree = "<group>"; };
		43AA200626F27FC900B3E62B /* Info.plist */ = {isa = PBXFileReference; lastKnownFileType = text.plist.xml; path = Info.plist; sourceTree = "<group>"; };
		43AA200B26F27FC900B3E62B /* demoUITests.xctest */ = {isa = PBXFileReference; explicitFileType = wrapper.cfbundle; includeInIndex = 0; path = demoUITests.xctest; sourceTree = BUILT_PRODUCTS_DIR; };
		43AA200F26F27FC900B3E62B /* demoUITests.swift */ = {isa = PBXFileReference; lastKnownFileType = sourcecode.swift; path = demoUITests.swift; sourceTree = "<group>"; };
		43AA201126F27FC900B3E62B /* Info.plist */ = {isa = PBXFileReference; lastKnownFileType = text.plist.xml; path = Info.plist; sourceTree = "<group>"; };
/* End PBXFileReference section */

/* Begin PBXFrameworksBuildPhase section */
		43AA1FE726F27FC800B3E62B /* Frameworks */ = {
			isa = PBXFrameworksBuildPhase;
			buildActionMask = 2147483647;
			files = (
			);
			runOnlyForDeploymentPostprocessing = 0;
		};
		43AA1FFD26F27FC900B3E62B /* Frameworks */ = {
			isa = PBXFrameworksBuildPhase;
			buildActionMask = 2147483647;
			files = (
			);
			runOnlyForDeploymentPostprocessing = 0;
		};
		43AA200826F27FC900B3E62B /* Frameworks */ = {
			isa = PBXFrameworksBuildPhase;
			buildActionMask = 2147483647;
			files = (
			);
			runOnlyForDeploymentPostprocessing = 0;
		};
/* End PBXFrameworksBuildPhase section */

/* Begin PBXGroup section */
		43AA1FE126F27FC800B3E62B = {
			isa = PBXGroup;
			children = (
				43AA1FEC26F27FC800B3E62B /* demo */,
				43AA200326F27FC900B3E62B /* demoTests */,
				43AA200E26F27FC900B3E62B /* demoUITests */,
				43AA1FEB26F27FC800B3E62B /* Products */,
			);
			sourceTree = "<group>";
		};
		43AA1FEB26F27FC800B3E62B /* Products */ = {
			isa = PBXGroup;
			children = (
				43AA1FEA26F27FC800B3E62B /* demo.app */,
				43AA200026F27FC900B3E62B /* demoTests.xctest */,
				43AA200B26F27FC900B3E62B /* demoUITests.xctest */,
			);
			name = Products;
			sourceTree = "<group>";
		};
		43AA1FEC26F27FC800B3E62B /* demo */ = {
			isa = PBXGroup;
			children = (
				43AA1FED26F27FC800B3E62B /* AppDelegate.swift */,
				43AA1FEF26F27FC800B3E62B /* SceneDelegate.swift */,
				43AA1FF126F27FC800B3E62B /* ViewController.swift */,
				43AA1FF326F27FC800B3E62B /* Main.storyboard */,
				43AA1FF626F27FC900B3E62B /* Assets.xcassets */,
				43AA1FF826F27FC900B3E62B /* LaunchScreen.storyboard */,
				43AA1FFB26F27FC900B3E62B /* Info.plist */,
			);
			path = demo;
			sourceTree = "<group>";
		};
		43AA200326F27FC900B3E62B /* demoTests */ = {
			isa = PBXGroup;
			children = (
				43AA200426F27FC900B3E62B /* demoTests.swift */,
				43AA200626F27FC900B3E62B /* Info.plist */,
			);
			path = demoTests;
			sourceTree = "<group>";
		};
		43AA200E26F27FC900B3E62B /* demoUITests */ = {
			isa = PBXGroup;
			children = (
				43AA200F26F27FC900B3E62B /* demoUITests.swift */,
				43AA201126F27FC900B3E62B /* Info.plist */,
			);
			path = demoUITests;
			sourceTree = "<group>";
		};
/* End PBXGroup section */

/* Begin PBXNativeTarget section */
		43AA1FE926F27FC800B3E62B /* demo */ = {
			isa = PBXNativeTarget;
			buildConfigurationList = 43AA201426F27FC900B3E62B /* Build configuration list for PBXNativeTarget "demo" */;
			buildPhases = (
				43AA1FE626F27FC800B3E62B /* Sources */,
				43AA1FE726F27FC800B3E62B /* Frameworks */,
				43AA1FE826F27FC800B3E62B /* Resources */,
			);
			buildRules = (
			);
			dependencies = (
			);
			name = demo;
			productName = demo;
			productReference = 43AA1FEA26F27FC800B3E62B /* demo.app */;
			productType = "com.apple.product-type.application";
		};
		43AA1FFF26F27FC900B3E62B /* demoTests */ = {
			isa = PBXNativeTarget;
			buildConfigurationList = 43AA201726F27FC900B3E62B /* Build configuration list for PBXNativeTarget "demoTests" */;
			buildPhases = (
				43AA1FFC26F27FC900B3E62B /* Sources */,
				43AA1FFD26F27FC900B3E62B /* Frameworks */,
				43AA1FFE26F27FC900B3E62B /* Resources */,
			);
			buildRules = (
			);
			dependencies = (
				43AA200226F27FC900B3E62B /* PBXTargetDependency */,
			);
			name = demoTests;
			productName = demoTests;
			productReference = 43AA200026F27FC900B3E62B /* demoTests.xctest */;
			productType = "com.apple.product-type.bundle.unit-test";
		};
		43AA200A26F27FC900B3E62B /* demoUITests */ = {
			isa = PBXNativeTarget;
			buildConfigurationList = 43AA201A26F27FC900B3E62B /* Build configuration list for PBXNativeTarget "demoUITests" */;
			buildPhases = (
				43AA200726F27FC900B3E62B /* Sources */,
				43AA200826F27FC900B3E62B /* Frameworks */,
				43AA200926F27FC900B3E62B /* Resources */,
			);
			buildRules = (
			);
			dependencies = (
				43AA200D26F27FC900B3E62B /* PBXTargetDependency */,
			);
			name = demoUITests;
			productName = demoUITests;
			productReference = 43AA200B26F27FC900B3E62B /* demoUITests.xctest */;
			productType = "com.apple.product-type.bundle.ui-testing";
		};
/* End PBXNativeTarget section */

/* Begin PBXProject section */
		43AA1FE226F27FC800B3E62B /* Project object */ = {
			isa = PBXProject;
			attributes = {
				LastSwiftUpdateCheck = 1250;
				LastUpgradeCheck = 1250;
				TargetAttributes = {
					43AA1FE926F27FC800B3E62B = {
						CreatedOnToolsVersion = 12.5.1;
					};
					43AA1FFF26F27FC900B3E62B = {
						CreatedOnToolsVersion = 12.5.1;
						TestTargetID = 43AA1FE926F27FC800B3E62B;
					};
					43AA200A26F27FC900B3E62B = {
						CreatedOnToolsVersion = 12.5.1;
						TestTargetID = 43AA1FE926F27FC800B3E62B;
					};
				};
			};
			buildConfigurationList = 43AA1FE526F27FC800B3E62B /* Build configuration list for PBXProject "demo" */;
			compatibilityVersion = "Xcode 9.3";
			developmentRegion = en;
			hasScannedForEncodings = 0;
			knownRegions = (
				en,
				Base,
			);
			mainGroup = 43AA1FE126F27FC800B3E62B;
			productRefGroup = 43AA1FEB26F27FC800B3E62B /* Products */;
			projectDirPath = "";
			projectRoot = "";
			targets = (
				43AA1FE926F27FC800B3E62B /* demo */,
				43AA1FFF26F27FC900B3E62B /* demoTests */,
				43AA200A26F27FC900B3E62B /* demoUITests */,
			);
		};
/* End PBXProject section */

/* Begin PBXResourcesBuildPhase section */
		43AA1FE826F27FC800B3E62B /* Resources */ = {
			isa = PBXResourcesBuildPhase;
			buildActionMask = 2147483647;
			files = (
				43AA1FFA26F27FC900B3E62B /* LaunchScreen.storyboard in Resources */,
				43AA1FF726F27FC900B3E62B /* Assets.xcassets in Resources */,
				43AA1FF526F27FC800B3E62B /* Main.storyboard in Resources */,
			);
			runOnlyForDeploymentPostprocessing = 0;
		};
		43AA1FFE26F27FC900B3E62B /* Resources */ = {
			isa = PBXResourcesBuildPhase;
			buildActionMask = 2147483647;
			files = (
			);
			runOnlyForDeploymentPostprocessing = 0;
		};
		43AA200926F27FC900B3E62B /* Resources */ = {
			isa = PBXResourcesBuildPhase;
			buildActionMask = 2147483647;
			files = (
			);
			runOnlyForDeploymentPostprocessing = 0;
		};
/* End PBXResourcesBuildPhase section */

/* Begin PBXSourcesBuildPhase section */
		43AA1FE626F27FC800B3E62B /* Sources */ = {
			isa = PBXSourcesBuildPhase;
			buildActionMask = 2147483647;
			files = (
				43AA1FF226F27FC800B3E62B /* ViewController.swift in Sources */,
				43AA1FEE26F27FC800B3E62B /* AppDelegate.swift in Sources */,
				43AA1FF026F27FC800B3E62B /* SceneDelegate.swift in Sources */,
			);
			runOnlyForDeploymentPostprocessing = 0;
		};
		43AA1FFC26F27FC900B3E62B /* Sources */ = {
			isa = PBXSourcesBuildPhase;
			buildActionMask = 2147483647;
			files = (
				43AA200526F27FC900B3E62B /* demoTests.swift in Sources */,
			);
			runOnlyForDeploymentPostprocessing = 0;
		};
		43AA200726F27FC900B3E62B /* Sources */ = {
			isa = PBXSourcesBuildPhase;
			buildActionMask = 2147483647;
			files = (
				43AA201026F27FC900B3E62B /* demoUITests.swift in Sources */,
			);
			runOnlyForDeploymentPostprocessing = 0;
		};
/* End PBXSourcesBuildPhase section */

/* Begin PBXTargetDependency section */
		43AA200226F27FC900B3E62B /* PBXTargetDependency */ = {
			isa = PBXTargetDependency;
			target = 43AA1FE926F27FC800B3E62B /* demo */;
			targetProxy = 43AA200126F27FC900B3E62B /* PBXContainerItemProxy */;
		};
		43AA200D26F27FC900B3E62B /* PBXTargetDependency */ = {
			isa = PBXTargetDependency;
			target = 43AA1FE926F27FC800B3E62B /* demo */;
			targetProxy = 43AA200C26F27FC900B3E62B /* PBXContainerItemProxy */;
		};
/* End PBXTargetDependency section */

/* Begin PBXVariantGroup section */
		43AA1FF326F27FC800B3E62B /* Main.storyboard */ = {
			isa = PBXVariantGroup;
			children = (
				43AA1FF426F27FC800B3E62B /* Base */,
			);
			name = Main.storyboard;
			sourceTree = "<group>";
		};
		43AA1FF826F27FC900B3E62B /* LaunchScreen.storyboard */ = {
			isa = PBXVariantGroup;
			children = (
				43AA1FF926F27FC900B3E62B /* Base */,
			);
			name = LaunchScreen.storyboard;
			sourceTree = "<group>";
		};
/* End PBXVariantGroup section */

/* Begin XCBuildConfiguration section */
		43AA201226F27FC900B3E62B /* Debug */ = {
			isa = XCBuildConfiguration;
			buildSettings = {
				ALWAYS_SEARCH_USER_PATHS = NO;
				CLANG_ANALYZER_NONNULL = YES;
				CLANG_ANALYZER_NUMBER_OBJECT_CONVERSION = YES_AGGRESSIVE;
				CLANG_CXX_LANGUAGE_STANDARD = "gnu++14";
				CLANG_CXX_LIBRARY = "libc++";
				CLANG_ENABLE_MODULES = YES;
				CLANG_ENABLE_OBJC_ARC = YES;
				CLANG_ENABLE_OBJC_WEAK = YES;
				CLANG_WARN_BLOCK_CAPTURE_AUTORELEASING = YES;
				CLANG_WARN_BOOL_CONVERSION = YES;
				CLANG_WARN_COMMA = YES;
				CLANG_WARN_CONSTANT_CONVERSION = YES;
				CLANG_WARN_DEPRECATED_OBJC_IMPLEMENTATIONS = YES;
				CLANG_WARN_DIRECT_OBJC_ISA_USAGE = YES_ERROR;
				CLANG_WARN_DOCUMENTATION_COMMENTS = YES;
				CLANG_WARN_EMPTY_BODY = YES;
				CLANG_WARN_ENUM_CONVERSION = YES;
				CLANG_WARN_INFINITE_RECURSION = YES;
				CLANG_WARN_INT_CONVERSION = YES;
				CLANG_WARN_NON_LITERAL_NULL_CONVERSION = YES;
				CLANG_WARN_OBJC_IMPLICIT_RETAIN_SELF = YES;
				CLANG_WARN_OBJC_LITERAL_CONVERSION = YES;
				CLANG_WARN_OBJC_ROOT_CLASS = YES_ERROR;
				CLANG_WARN_QUOTED_INCLUDE_IN_FRAMEWORK_HEADER = YES;
				CLANG_WARN_RANGE_LOOP_ANALYSIS = YES;
				CLANG_WARN_STRICT_PROTOTYPES = YES;
				CLANG_WARN_SUSPICIOUS_MOVE = YES;
				CLANG_WARN_UNGUARDED_AVAILABILITY = YES_AGGRESSIVE;
				CLANG_WARN_UNREACHABLE_CODE = YES;
				CLANG_WARN__DUPLICATE_METHOD_MATCH = YES;
				COPY_PHASE_STRIP = NO;
				DEBUG_INFORMATION_FORMAT = dwarf;
				ENABLE_STRICT_OBJC_MSGSEND = YES;
				ENABLE_TESTABILITY = YES;
				GCC_C_LANGUAGE_STANDARD = gnu11;
				GCC_DYNAMIC_NO_PIC = NO;
				GCC_NO_COMMON_BLOCKS = YES;
				GCC_OPTIMIZATION_LEVEL = 0;
				GCC_PREPROCESSOR_DEFINITIONS = (
					"DEBUG=1",
					"$(inherited)",
				);
				GCC_WARN_64_TO_32_BIT_CONVERSION = YES;
				GCC_WARN_ABOUT_RETURN_TYPE = YES_ERROR;
				GCC_WARN_UNDECLARED_SELECTOR = YES;
				GCC_WARN_UNINITIALIZED_AUTOS = YES_AGGRESSIVE;
				GCC_WARN_UNUSED_FUNCTION = YES;
				GCC_WARN_UNUSED_VARIABLE = YES;
				IPHONEOS_DEPLOYMENT_TARGET = 14.5;
				MTL_ENABLE_DEBUG_INFO = INCLUDE_SOURCE;
				MTL_FAST_MATH = YES;
				ONLY_ACTIVE_ARCH = YES;
				SDKROOT = iphoneos;
				SWIFT_ACTIVE_COMPILATION_CONDITIONS = DEBUG;
				SWIFT_OPTIMIZATION_LEVEL = "-Onone";
			};
			name = Debug;
		};
		43AA201326F27FC900B3E62B /* Release */ = {
			isa = XCBuildConfiguration;
			buildSettings = {
				ALWAYS_SEARCH_USER_PATHS = NO;
				CLANG_ANALYZER_NONNULL = YES;
				CLANG_ANALYZER_NUMBER_OBJECT_CONVERSION = YES_AGGRESSIVE;
				CLANG_CXX_LANGUAGE_STANDARD = "gnu++14";
				CLANG_CXX_LIBRARY = "libc++";
				CLANG_ENABLE_MODULES = YES;
				CLANG_ENABLE_OBJC_ARC = YES;
				CLANG_ENABLE_OBJC_WEAK = YES;
				CLANG_WARN_BLOCK_CAPTURE_AUTORELEASING = YES;
				CLANG_WARN_BOOL_CONVERSION = YES;
				CLANG_WARN_COMMA = YES;
				CLANG_WARN_CONSTANT_CONVERSION = YES;
				CLANG_WARN_DEPRECATED_OBJC_IMPLEMENTATIONS = YES;
				CLANG_WARN_DIRECT_OBJC_ISA_USAGE = YES_ERROR;
				CLANG_WARN_DOCUMENTATION_COMMENTS = YES;
				CLANG_WARN_EMPTY_BODY = YES;
				CLANG_WARN_ENUM_CONVERSION = YES;
				CLANG_WARN_INFINITE_RECURSION = YES;
				CLANG_WARN_INT_CONVERSION = YES;
				CLANG_WARN_NON_LITERAL_NULL_CONVERSION = YES;
				CLANG_WARN_OBJC_IMPLICIT_RETAIN_SELF = YES;
				CLANG_WARN_OBJC_LITERAL_CONVERSION = YES;
				CLANG_WARN_OBJC_ROOT_CLASS = YES_ERROR;
				CLANG_WARN_QUOTED_INCLUDE_IN_FRAMEWORK_HEADER = YES;
				CLANG_WARN_RANGE_LOOP_ANALYSIS = YES;
				CLANG_WARN_STRICT_PROTOTYPES = YES;
				CLANG_WARN_SUSPICIOUS_MOVE = YES;
				CLANG_WARN_UNGUARDED_AVAILABILITY = YES_AGGRESSIVE;
				CLANG_WARN_UNREACHABLE_CODE = YES;
				CLANG_WARN__DUPLICATE_METHOD_MATCH = YES;
				COPY_PHASE_STRIP = NO;
				DEBUG_INFORMATION_FORMAT = "dwarf-with-dsym";
				ENABLE_NS_ASSERTIONS = NO;
				ENABLE_STRICT_OBJC_MSGSEND = YES;
				GCC_C_LANGUAGE_STANDARD = gnu11;
				GCC_NO_COMMON_BLOCKS = YES;
				GCC_WARN_64_TO_32_BIT_CONVERSION = YES;
				GCC_WARN_ABOUT_RETURN_TYPE = YES_ERROR;
				GCC_WARN_UNDECLARED_SELECTOR = YES;
				GCC_WARN_UNINITIALIZED_AUTOS = YES_AGGRESSIVE;
				GCC_WARN_UNUSED_FUNCTION = YES;
				GCC_WARN_UNUSED_VARIABLE = YES;
				IPHONEOS_DEPLOYMENT_TARGET = 14.5;
				MTL_ENABLE_DEBUG_INFO = NO;
				MTL_FAST_MATH = YES;
				SDKROOT = iphoneos;
				SWIFT_COMPILATION_MODE = wholemodule;
				SWIFT_OPTIMIZATION_LEVEL = "-O";
				VALIDATE_PRODUCT = YES;
			};
			name = Release;
		};
		43AA201526F27FC900B3E62B /* Debug */ = {
			isa = XCBuildConfiguration;
			buildSettings = {
				ASSETCATALOG_COMPILER_APPICON_NAME = AppIcon;
				ASSETCATALOG_COMPILER_GLOBAL_ACCENT_COLOR_NAME = AccentColor;
				CODE_SIGN_STYLE = Automatic;
				INFOPLIST_FILE = demo/Info.plist;
				LD_RUNPATH_SEARCH_PATHS = (
					"$(inherited)",
					"@executable_path/Frameworks",
				);
				PRODUCT_BUNDLE_IDENTIFIER = "demo-github.demo";
				PRODUCT_NAME = "$(TARGET_NAME)";
				SWIFT_VERSION = 5.0;
				TARGETED_DEVICE_FAMILY = "1,2";
			};
			name = Debug;
		};
		43AA201626F27FC900B3E62B /* Release */ = {
			isa = XCBuildConfiguration;
			buildSettings = {
				ASSETCATALOG_COMPILER_APPICON_NAME = AppIcon;
				ASSETCATALOG_COMPILER_GLOBAL_ACCENT_COLOR_NAME = AccentColor;
				CODE_SIGN_STYLE = Automatic;
				INFOPLIST_FILE = demo/Info.plist;
				LD_RUNPATH_SEARCH_PATHS = (
					"$(inherited)",
					"@executable_path/Frameworks",
				);
				PRODUCT_BUNDLE_IDENTIFIER = "demo-github.demo";
				PRODUCT_NAME = "$(TARGET_NAME)";
				SWIFT_VERSION = 5.0;
				TARGETED_DEVICE_FAMILY = "1,2";
			};
			name = Release;
		};
		43AA201826F27FC900B3E62B /* Debug */ = {
			isa = XCBuildConfiguration;
			buildSettings = {
				ALWAYS_EMBED_SWIFT_STANDARD_LIBRARIES = YES;
				BUNDLE_LOADER = "$(TEST_HOST)";
				CODE_SIGN_STYLE = Automatic;
				INFOPLIST_FILE = demoTests/Info.plist;
				IPHONEOS_DEPLOYMENT_TARGET = 14.5;
				LD_RUNPATH_SEARCH_PATHS = (
					"$(inherited)",
					"@executable_path/Frameworks",
					"@loader_path/Frameworks",
				);
				PRODUCT_BUNDLE_IDENTIFIER = "demo-github.demoTests";
				PRODUCT_NAME = "$(TARGET_NAME)";
				SWIFT_VERSION = 5.0;
				TARGETED_DEVICE_FAMILY = "1,2";
				TEST_HOST = "$(BUILT_PRODUCTS_DIR)/demo.app/demo";
			};
			name = Debug;
		};
		43AA201926F27FC900B3E62B /* Release */ = {
			isa = XCBuildConfiguration;
			buildSettings = {
				ALWAYS_EMBED_SWIFT_STANDARD_LIBRARIES = YES;
				BUNDLE_LOADER = "$(TEST_HOST)";
				CODE_SIGN_STYLE = Automatic;
				INFOPLIST_FILE = demoTests/Info.plist;
				IPHONEOS_DEPLOYMENT_TARGET = 14.5;
				LD_RUNPATH_SEARCH_PATHS = (
					"$(inherited)",
					"@executable_path/Frameworks",
					"@loader_path/Frameworks",
				);
				PRODUCT_BUNDLE_IDENTIFIER = "demo-github.demoTests";
				PRODUCT_NAME = "$(TARGET_NAME)";
				SWIFT_VERSION = 5.0;
				TARGETED_DEVICE_FAMILY = "1,2";
				TEST_HOST = "$(BUILT_PRODUCTS_DIR)/demo.app/demo";
			};
			name = Release;
		};
		43AA201B26F27FC900B3E62B /* Debug */ = {
			isa = XCBuildConfiguration;
			buildSettings = {
				ALWAYS_EMBED_SWIFT_STANDARD_LIBRARIES = YES;
				CODE_SIGN_STYLE = Automatic;
				INFOPLIST_FILE = demoUITests/Info.plist;
				LD_RUNPATH_SEARCH_PATHS = (
					"$(inherited)",
					"@executable_path/Frameworks",
					"@loader_path/Frameworks",
				);
				PRODUCT_BUNDLE_IDENTIFIER = "demo-github.demoUITests";
				PRODUCT_NAME = "$(TARGET_NAME)";
				SWIFT_VERSION = 5.0;
				TARGETED_DEVICE_FAMILY = "1,2";
				TEST_TARGET_NAME = demo;
			};
			name = Debug;
		};
		43AA201C26F27FC900B3E62B /* Release */ = {
			isa = XCBuildConfiguration;
			buildSettings = {
				ALWAYS_EMBED_SWIFT_STANDARD_LIBRARIES = YES;
				CODE_SIGN_STYLE = Automatic;
				INFOPLIST_FILE = demoUITests/Info.plist;
				LD_RUNPATH_SEARCH_PATHS = (
					"$(inherited)",
					"@executable_path/Frameworks",
					"@loader_path/Frameworks",
				);
				PRODUCT_BUNDLE_IDENTIFIER = "demo-github.demoUITests";
				PRODUCT_NAME = "$(TARGET_NAME)";
				SWIFT_VERSION = 5.0;
				TARGETED_DEVICE_FAMILY = "1,2";
				TEST_TARGET_NAME = demo;
			};
			name = Release;
		};
/* End XCBuildConfiguration section */

/* Begin XCConfigurationList section */
		43AA1FE526F27FC800B3E62B /* Build configuration list for PBXProject "demo" */ = {
			isa = XCConfigurationList;
			buildConfigurations = (
				43AA201226F27FC900B3E62B /* Debug */,
				43AA201326F27FC900B3E62B /* Release */,
			);
			defaultConfigurationIsVisible = 0;
			defaultConfigurationName = Release;
		};
		43AA201426F27FC900B3E62B /* Build configuration list for PBXNativeTarget "demo" */ = {
			isa = XCConfigurationList;
			buildConfigurations = (
				43AA201526F27FC900B3E62B /* Debug */,
				43AA201626F27FC900B3E62B /* Release */,
			);
			defaultConfigurationIsVisible = 0;
			defaultConfigurationName = Release;
		};
		43AA201726F27FC900B3E62B /* Build configuration list for PBXNativeTarget "demoTests" */ = {
			isa = XCConfigurationList;
			buildConfigurations = (
				43AA201826F27FC900B3E62B /* Debug */,
				43AA201926F27FC900B3E62B /* Release */,
			);
			defaultConfigurationIsVisible = 0;
			defaultConfigurationName = Release;
		};
		43AA201A26F27FC900B3E62B /* Build configuration list for PBXNativeTarget "demoUITests" */ = {
			isa = XCConfigurationList;
			buildConfigurations = (
				43AA201B26F27FC900B3E62B /* Debug */,
				43AA201C26F27FC900B3E62B /* Release */,
			);
			defaultConfigurationIsVisible = 0;
			defaultConfigurationName = Release;
		};
/* End XCConfigurationList section */
	};
	rootObject = 43AA1FE226F27FC800B3E62B /* Project object */;
}
